// !$*UTF8*$!
{
	archiveVersion = 1;
	classes = {
	};
	objectVersion = 46;
	objects = {

/* Begin PBXBuildFile section */
		7505E9011E79628B0099D2CE /* MultipleDrugInteractionViewController.m in Sources */ = {isa = PBXBuildFile; fileRef = 7505E9001E79628B0099D2CE /* MultipleDrugInteractionViewController.m */; };
		7505E9041E7962B00099D2CE /* MultipleDrugAddViewController.m in Sources */ = {isa = PBXBuildFile; fileRef = 7505E9031E7962B00099D2CE /* MultipleDrugAddViewController.m */; };
		7505E9071E7962F40099D2CE /* CheckForIneractionTableViewController.m in Sources */ = {isa = PBXBuildFile; fileRef = 7505E9061E7962F40099D2CE /* CheckForIneractionTableViewController.m */; };
		753285101E7BF081001788BB /* interaction.db in Resources */ = {isa = PBXBuildFile; fileRef = 7532850F1E7BF081001788BB /* interaction.db */; };
		75383A011E87F063008FD068 /* MedDicSearchViewController.m in Sources */ = {isa = PBXBuildFile; fileRef = 75383A001E87F063008FD068 /* MedDicSearchViewController.m */; };
		75383A041E882C7C008FD068 /* MedDicSubTableViewController.m in Sources */ = {isa = PBXBuildFile; fileRef = 75383A031E882C7B008FD068 /* MedDicSubTableViewController.m */; };
		75383A061E8836C9008FD068 /* AVFoundation.framework in Frameworks */ = {isa = PBXBuildFile; fileRef = 75383A051E8836C9008FD068 /* AVFoundation.framework */; };
		75383A081E8836CE008FD068 /* AVKit.framework in Frameworks */ = {isa = PBXBuildFile; fileRef = 75383A071E8836CE008FD068 /* AVKit.framework */; };
		75679C471E76B341003B8AFA /* DrugInfoallinfoViewController.m in Sources */ = {isa = PBXBuildFile; fileRef = 75679C461E76B341003B8AFA /* DrugInfoallinfoViewController.m */; };
		75679C4A1E76CF74003B8AFA /* doctordbsupport.db in Resources */ = {isa = PBXBuildFile; fileRef = 75679C481E76CF74003B8AFA /* doctordbsupport.db */; };
		75679C4B1E76CF74003B8AFA /* doctorlist.db in Resources */ = {isa = PBXBuildFile; fileRef = 75679C491E76CF74003B8AFA /* doctorlist.db */; };
		75679C501E76CFDD003B8AFA /* DBManager.m in Sources */ = {isa = PBXBuildFile; fileRef = 75679C4F1E76CFDD003B8AFA /* DBManager.m */; };
		75679C531E76D01E003B8AFA /* libsqlite3.tbd in Frameworks */ = {isa = PBXBuildFile; fileRef = 75679C521E76D01E003B8AFA /* libsqlite3.tbd */; };
		75679C561E76D6C5003B8AFA /* SearchByNameViewController.m in Sources */ = {isa = PBXBuildFile; fileRef = 75679C551E76D6C5003B8AFA /* SearchByNameViewController.m */; };
		75679C591E76D70B003B8AFA /* SearchByNameTableViewController.m in Sources */ = {isa = PBXBuildFile; fileRef = 75679C581E76D70B003B8AFA /* SearchByNameTableViewController.m */; };
		7584CC7A1E80FD1F009B029F /* HealthTopicsSearchViewController.m in Sources */ = {isa = PBXBuildFile; fileRef = 7584CC791E80FD1F009B029F /* HealthTopicsSearchViewController.m */; };
		7584CC801E80FD77009B029F /* HealthTopicDescViewController.m in Sources */ = {isa = PBXBuildFile; fileRef = 7584CC7F1E80FD77009B029F /* HealthTopicDescViewController.m */; };
		7585616B1E756B23002B7729 /* DrugInfoViewController.m in Sources */ = {isa = PBXBuildFile; fileRef = 7585616A1E756B23002B7729 /* DrugInfoViewController.m */; };
		7585616E1E7582BC002B7729 /* DrugInfoDetailsViewController.m in Sources */ = {isa = PBXBuildFile; fileRef = 7585616D1E7582BC002B7729 /* DrugInfoDetailsViewController.m */; };
		75DD25021E817D0400136CFA /* healthtopics.db in Resources */ = {isa = PBXBuildFile; fileRef = 75DD25011E817D0400136CFA /* healthtopics.db */; };
		75DD25051E8191BD00136CFA /* HealthTopicsAllTableViewController.m in Sources */ = {isa = PBXBuildFile; fileRef = 75DD25041E8191BD00136CFA /* HealthTopicsAllTableViewController.m */; };
		75E0E9321E7826E100BBDD32 /* DoctorFullinfoViewController.m in Sources */ = {isa = PBXBuildFile; fileRef = 75E0E9311E7826E100BBDD32 /* DoctorFullinfoViewController.m */; };
		75E0E9351E78373100BBDD32 /* CountryTableViewController.m in Sources */ = {isa = PBXBuildFile; fileRef = 75E0E9341E78373100BBDD32 /* CountryTableViewController.m */; };
		75E0E9381E78374600BBDD32 /* StateTableViewController.m in Sources */ = {isa = PBXBuildFile; fileRef = 75E0E9371E78374600BBDD32 /* StateTableViewController.m */; };
		75E0E93B1E78375300BBDD32 /* CityTableViewController.m in Sources */ = {isa = PBXBuildFile; fileRef = 75E0E93A1E78375300BBDD32 /* CityTableViewController.m */; };
		75E0E93E1E78378F00BBDD32 /* DoctorbyAddressTableViewController.m in Sources */ = {isa = PBXBuildFile; fileRef = 75E0E93D1E78378F00BBDD32 /* DoctorbyAddressTableViewController.m */; };
		75E0E9411E7837A500BBDD32 /* ZipcodeTableViewController.m in Sources */ = {isa = PBXBuildFile; fileRef = 75E0E9401E7837A500BBDD32 /* ZipcodeTableViewController.m */; };
		75E0E9441E784AB200BBDD32 /* DoctorByTypeTableViewController.m in Sources */ = {isa = PBXBuildFile; fileRef = 75E0E9431E784AB200BBDD32 /* DoctorByTypeTableViewController.m */; };
		75E0E9471E784AD200BBDD32 /* DoctorBySpecilityTableViewController.m in Sources */ = {isa = PBXBuildFile; fileRef = 75E0E9461E784AD200BBDD32 /* DoctorBySpecilityTableViewController.m */; };
		75E0E94A1E784AF400BBDD32 /* AllDoctorBySpecilityTableViewController.m in Sources */ = {isa = PBXBuildFile; fileRef = 75E0E9491E784AF400BBDD32 /* AllDoctorBySpecilityTableViewController.m */; };
		75F724611E7C5498009E39DE /* SingleDrugInteractionSearchViewController.m in Sources */ = {isa = PBXBuildFile; fileRef = 75F724601E7C5498009E39DE /* SingleDrugInteractionSearchViewController.m */; };
		75F724641E7C54C6009E39DE /* SingleDrugInteractionInfoTableViewController.m in Sources */ = {isa = PBXBuildFile; fileRef = 75F724631E7C54C6009E39DE /* SingleDrugInteractionInfoTableViewController.m */; };
		75F724671E7C55A2009E39DE /* DrugInteractionMainViewController.m in Sources */ = {isa = PBXBuildFile; fileRef = 75F724661E7C55A2009E39DE /* DrugInteractionMainViewController.m */; };
		F4090B941A0F67D000651F6F /* main.m in Sources */ = {isa = PBXBuildFile; fileRef = F4090B931A0F67D000651F6F /* main.m */; };
		F4090B971A0F67D000651F6F /* AppDelegate.m in Sources */ = {isa = PBXBuildFile; fileRef = F4090B961A0F67D000651F6F /* AppDelegate.m */; };
		F4090B9A1A0F67D000651F6F /* ViewController.m in Sources */ = {isa = PBXBuildFile; fileRef = F4090B991A0F67D000651F6F /* ViewController.m */; };
		F4090B9D1A0F67D000651F6F /* Main.storyboard in Resources */ = {isa = PBXBuildFile; fileRef = F4090B9B1A0F67D000651F6F /* Main.storyboard */; };
		F4090B9F1A0F67D000651F6F /* Images.xcassets in Resources */ = {isa = PBXBuildFile; fileRef = F4090B9E1A0F67D000651F6F /* Images.xcassets */; };
		F4090BA21A0F67D000651F6F /* LaunchScreen.xib in Resources */ = {isa = PBXBuildFile; fileRef = F4090BA01A0F67D000651F6F /* LaunchScreen.xib */; };
		F4090BAE1A0F67D000651F6F /* SidebarDemoTests.m in Sources */ = {isa = PBXBuildFile; fileRef = F4090BAD1A0F67D000651F6F /* SidebarDemoTests.m */; };
		F4090BBD1A0FD53800651F6F /* MapViewController.m in Sources */ = {isa = PBXBuildFile; fileRef = F4090BBC1A0FD53800651F6F /* MapViewController.m */; };
		F4090BC01A0FD5BC00651F6F /* PhotoViewController.m in Sources */ = {isa = PBXBuildFile; fileRef = F4090BBF1A0FD5BC00651F6F /* PhotoViewController.m */; };
		F4090BC31A0FD62A00651F6F /* MainViewController.m in Sources */ = {isa = PBXBuildFile; fileRef = F4090BC21A0FD62A00651F6F /* MainViewController.m */; };
		F4090BC61A0FD6F800651F6F /* SidebarTableViewController.m in Sources */ = {isa = PBXBuildFile; fileRef = F4090BC51A0FD6F800651F6F /* SidebarTableViewController.m */; };
		F4090BCA1A0FD76C00651F6F /* SWRevealViewController.m in Sources */ = {isa = PBXBuildFile; fileRef = F4090BC91A0FD76C00651F6F /* SWRevealViewController.m */; };
		F4090BCC1A10563200651F6F /* MapKit.framework in Frameworks */ = {isa = PBXBuildFile; fileRef = F4090BCB1A10563200651F6F /* MapKit.framework */; };
/* End PBXBuildFile section */

/* Begin PBXContainerItemProxy section */
		F4090BA81A0F67D000651F6F /* PBXContainerItemProxy */ = {
			isa = PBXContainerItemProxy;
			containerPortal = F4090B861A0F67D000651F6F /* Project object */;
			proxyType = 1;
			remoteGlobalIDString = F4090B8D1A0F67D000651F6F;
			remoteInfo = SidebarDemo;
		};
/* End PBXContainerItemProxy section */

/* Begin PBXFileReference section */
		7505E8FF1E79628B0099D2CE /* MultipleDrugInteractionViewController.h */ = {isa = PBXFileReference; fileEncoding = 4; lastKnownFileType = sourcecode.c.h; path = MultipleDrugInteractionViewController.h; sourceTree = "<group>"; };
		7505E9001E79628B0099D2CE /* MultipleDrugInteractionViewController.m */ = {isa = PBXFileReference; fileEncoding = 4; lastKnownFileType = sourcecode.c.objc; path = MultipleDrugInteractionViewController.m; sourceTree = "<group>"; };
		7505E9021E7962B00099D2CE /* MultipleDrugAddViewController.h */ = {isa = PBXFileReference; fileEncoding = 4; lastKnownFileType = sourcecode.c.h; path = MultipleDrugAddViewController.h; sourceTree = "<group>"; };
		7505E9031E7962B00099D2CE /* MultipleDrugAddViewController.m */ = {isa = PBXFileReference; fileEncoding = 4; lastKnownFileType = sourcecode.c.objc; path = MultipleDrugAddViewController.m; sourceTree = "<group>"; };
		7505E9051E7962F40099D2CE /* CheckForIneractionTableViewController.h */ = {isa = PBXFileReference; fileEncoding = 4; lastKnownFileType = sourcecode.c.h; path = CheckForIneractionTableViewController.h; sourceTree = "<group>"; };
		7505E9061E7962F40099D2CE /* CheckForIneractionTableViewController.m */ = {isa = PBXFileReference; fileEncoding = 4; lastKnownFileType = sourcecode.c.objc; path = CheckForIneractionTableViewController.m; sourceTree = "<group>"; };
		7532850F1E7BF081001788BB /* interaction.db */ = {isa = PBXFileReference; lastKnownFileType = file; path = interaction.db; sourceTree = "<group>"; };
		753839FF1E87F063008FD068 /* MedDicSearchViewController.h */ = {isa = PBXFileReference; fileEncoding = 4; lastKnownFileType = sourcecode.c.h; path = MedDicSearchViewController.h; sourceTree = "<group>"; };
		75383A001E87F063008FD068 /* MedDicSearchViewController.m */ = {isa = PBXFileReference; fileEncoding = 4; lastKnownFileType = sourcecode.c.objc; path = MedDicSearchViewController.m; sourceTree = "<group>"; };
		75383A021E882C7B008FD068 /* MedDicSubTableViewController.h */ = {isa = PBXFileReference; fileEncoding = 4; lastKnownFileType = sourcecode.c.h; path = MedDicSubTableViewController.h; sourceTree = "<group>"; };
		75383A031E882C7B008FD068 /* MedDicSubTableViewController.m */ = {isa = PBXFileReference; fileEncoding = 4; lastKnownFileType = sourcecode.c.objc; path = MedDicSubTableViewController.m; sourceTree = "<group>"; };
		75383A051E8836C9008FD068 /* AVFoundation.framework */ = {isa = PBXFileReference; lastKnownFileType = wrapper.framework; name = AVFoundation.framework; path = System/Library/Frameworks/AVFoundation.framework; sourceTree = SDKROOT; };
		75383A071E8836CE008FD068 /* AVKit.framework */ = {isa = PBXFileReference; lastKnownFileType = wrapper.framework; name = AVKit.framework; path = System/Library/Frameworks/AVKit.framework; sourceTree = SDKROOT; };
		75679C451E76B341003B8AFA /* DrugInfoallinfoViewController.h */ = {isa = PBXFileReference; fileEncoding = 4; lastKnownFileType = sourcecode.c.h; path = DrugInfoallinfoViewController.h; sourceTree = "<group>"; };
		75679C461E76B341003B8AFA /* DrugInfoallinfoViewController.m */ = {isa = PBXFileReference; fileEncoding = 4; lastKnownFileType = sourcecode.c.objc; path = DrugInfoallinfoViewController.m; sourceTree = "<group>"; };
		75679C481E76CF74003B8AFA /* doctordbsupport.db */ = {isa = PBXFileReference; lastKnownFileType = file; path = doctordbsupport.db; sourceTree = "<group>"; };
		75679C491E76CF74003B8AFA /* doctorlist.db */ = {isa = PBXFileReference; lastKnownFileType = file; path = doctorlist.db; sourceTree = "<group>"; };
		75679C4E1E76CFDD003B8AFA /* DBManager.h */ = {isa = PBXFileReference; fileEncoding = 4; lastKnownFileType = sourcecode.c.h; path = DBManager.h; sourceTree = "<group>"; };
		75679C4F1E76CFDD003B8AFA /* DBManager.m */ = {isa = PBXFileReference; fileEncoding = 4; lastKnownFileType = sourcecode.c.objc; path = DBManager.m; sourceTree = "<group>"; };
		75679C521E76D01E003B8AFA /* libsqlite3.tbd */ = {isa = PBXFileReference; lastKnownFileType = "sourcecode.text-based-dylib-definition"; name = libsqlite3.tbd; path = usr/lib/libsqlite3.tbd; sourceTree = SDKROOT; };
		75679C541E76D6C5003B8AFA /* SearchByNameViewController.h */ = {isa = PBXFileReference; fileEncoding = 4; lastKnownFileType = sourcecode.c.h; name = SearchByNameViewController.h; path = ../SearchByNameViewController.h; sourceTree = "<group>"; };
		75679C551E76D6C5003B8AFA /* SearchByNameViewController.m */ = {isa = PBXFileReference; fileEncoding = 4; lastKnownFileType = sourcecode.c.objc; name = SearchByNameViewController.m; path = ../SearchByNameViewController.m; sourceTree = "<group>"; };
		75679C571E76D70B003B8AFA /* SearchByNameTableViewController.h */ = {isa = PBXFileReference; fileEncoding = 4; lastKnownFileType = sourcecode.c.h; path = SearchByNameTableViewController.h; sourceTree = "<group>"; };
		75679C581E76D70B003B8AFA /* SearchByNameTableViewController.m */ = {isa = PBXFileReference; fileEncoding = 4; lastKnownFileType = sourcecode.c.objc; path = SearchByNameTableViewController.m; sourceTree = "<group>"; };
		7584CC781E80FD1F009B029F /* HealthTopicsSearchViewController.h */ = {isa = PBXFileReference; fileEncoding = 4; lastKnownFileType = sourcecode.c.h; path = HealthTopicsSearchViewController.h; sourceTree = "<group>"; };
		7584CC791E80FD1F009B029F /* HealthTopicsSearchViewController.m */ = {isa = PBXFileReference; fileEncoding = 4; lastKnownFileType = sourcecode.c.objc; path = HealthTopicsSearchViewController.m; sourceTree = "<group>"; };
		7584CC7E1E80FD77009B029F /* HealthTopicDescViewController.h */ = {isa = PBXFileReference; fileEncoding = 4; lastKnownFileType = sourcecode.c.h; path = HealthTopicDescViewController.h; sourceTree = "<group>"; };
		7584CC7F1E80FD77009B029F /* HealthTopicDescViewController.m */ = {isa = PBXFileReference; fileEncoding = 4; lastKnownFileType = sourcecode.c.objc; path = HealthTopicDescViewController.m; sourceTree = "<group>"; };
		758561691E756B23002B7729 /* DrugInfoViewController.h */ = {isa = PBXFileReference; fileEncoding = 4; lastKnownFileType = sourcecode.c.h; path = DrugInfoViewController.h; sourceTree = "<group>"; };
		7585616A1E756B23002B7729 /* DrugInfoViewController.m */ = {isa = PBXFileReference; fileEncoding = 4; lastKnownFileType = sourcecode.c.objc; path = DrugInfoViewController.m; sourceTree = "<group>"; };
		7585616C1E7582BC002B7729 /* DrugInfoDetailsViewController.h */ = {isa = PBXFileReference; fileEncoding = 4; lastKnownFileType = sourcecode.c.h; path = DrugInfoDetailsViewController.h; sourceTree = "<group>"; };
		7585616D1E7582BC002B7729 /* DrugInfoDetailsViewController.m */ = {isa = PBXFileReference; fileEncoding = 4; lastKnownFileType = sourcecode.c.objc; path = DrugInfoDetailsViewController.m; sourceTree = "<group>"; };
		75DD25011E817D0400136CFA /* healthtopics.db */ = {isa = PBXFileReference; lastKnownFileType = file; path = healthtopics.db; sourceTree = "<group>"; };
		75DD25031E8191BD00136CFA /* HealthTopicsAllTableViewController.h */ = {isa = PBXFileReference; fileEncoding = 4; lastKnownFileType = sourcecode.c.h; path = HealthTopicsAllTableViewController.h; sourceTree = "<group>"; };
		75DD25041E8191BD00136CFA /* HealthTopicsAllTableViewController.m */ = {isa = PBXFileReference; fileEncoding = 4; lastKnownFileType = sourcecode.c.objc; path = HealthTopicsAllTableViewController.m; sourceTree = "<group>"; };
		75E0E9301E7826E100BBDD32 /* DoctorFullinfoViewController.h */ = {isa = PBXFileReference; fileEncoding = 4; lastKnownFileType = sourcecode.c.h; path = DoctorFullinfoViewController.h; sourceTree = "<group>"; };
		75E0E9311E7826E100BBDD32 /* DoctorFullinfoViewController.m */ = {isa = PBXFileReference; fileEncoding = 4; lastKnownFileType = sourcecode.c.objc; path = DoctorFullinfoViewController.m; sourceTree = "<group>"; };
		75E0E9331E78373100BBDD32 /* CountryTableViewController.h */ = {isa = PBXFileReference; fileEncoding = 4; lastKnownFileType = sourcecode.c.h; path = CountryTableViewController.h; sourceTree = "<group>"; };
		75E0E9341E78373100BBDD32 /* CountryTableViewController.m */ = {isa = PBXFileReference; fileEncoding = 4; lastKnownFileType = sourcecode.c.objc; path = CountryTableViewController.m; sourceTree = "<group>"; };
		75E0E9361E78374600BBDD32 /* StateTableViewController.h */ = {isa = PBXFileReference; fileEncoding = 4; lastKnownFileType = sourcecode.c.h; path = StateTableViewController.h; sourceTree = "<group>"; };
		75E0E9371E78374600BBDD32 /* StateTableViewController.m */ = {isa = PBXFileReference; fileEncoding = 4; lastKnownFileType = sourcecode.c.objc; path = StateTableViewController.m; sourceTree = "<group>"; };
		75E0E9391E78375300BBDD32 /* CityTableViewController.h */ = {isa = PBXFileReference; fileEncoding = 4; lastKnownFileType = sourcecode.c.h; path = CityTableViewController.h; sourceTree = "<group>"; };
		75E0E93A1E78375300BBDD32 /* CityTableViewController.m */ = {isa = PBXFileReference; fileEncoding = 4; lastKnownFileType = sourcecode.c.objc; path = CityTableViewController.m; sourceTree = "<group>"; };
		75E0E93C1E78378F00BBDD32 /* DoctorbyAddressTableViewController.h */ = {isa = PBXFileReference; fileEncoding = 4; lastKnownFileType = sourcecode.c.h; path = DoctorbyAddressTableViewController.h; sourceTree = "<group>"; };
		75E0E93D1E78378F00BBDD32 /* DoctorbyAddressTableViewController.m */ = {isa = PBXFileReference; fileEncoding = 4; lastKnownFileType = sourcecode.c.objc; path = DoctorbyAddressTableViewController.m; sourceTree = "<group>"; };
		75E0E93F1E7837A500BBDD32 /* ZipcodeTableViewController.h */ = {isa = PBXFileReference; fileEncoding = 4; lastKnownFileType = sourcecode.c.h; path = ZipcodeTableViewController.h; sourceTree = "<group>"; };
		75E0E9401E7837A500BBDD32 /* ZipcodeTableViewController.m */ = {isa = PBXFileReference; fileEncoding = 4; lastKnownFileType = sourcecode.c.objc; path = ZipcodeTableViewController.m; sourceTree = "<group>"; };
		75E0E9421E784AB200BBDD32 /* DoctorByTypeTableViewController.h */ = {isa = PBXFileReference; fileEncoding = 4; lastKnownFileType = sourcecode.c.h; path = DoctorByTypeTableViewController.h; sourceTree = "<group>"; };
		75E0E9431E784AB200BBDD32 /* DoctorByTypeTableViewController.m */ = {isa = PBXFileReference; fileEncoding = 4; lastKnownFileType = sourcecode.c.objc; path = DoctorByTypeTableViewController.m; sourceTree = "<group>"; };
		75E0E9451E784AD200BBDD32 /* DoctorBySpecilityTableViewController.h */ = {isa = PBXFileReference; fileEncoding = 4; lastKnownFileType = sourcecode.c.h; path = DoctorBySpecilityTableViewController.h; sourceTree = "<group>"; };
		75E0E9461E784AD200BBDD32 /* DoctorBySpecilityTableViewController.m */ = {isa = PBXFileReference; fileEncoding = 4; lastKnownFileType = sourcecode.c.objc; path = DoctorBySpecilityTableViewController.m; sourceTree = "<group>"; };
		75E0E9481E784AF400BBDD32 /* AllDoctorBySpecilityTableViewController.h */ = {isa = PBXFileReference; fileEncoding = 4; lastKnownFileType = sourcecode.c.h; path = AllDoctorBySpecilityTableViewController.h; sourceTree = "<group>"; };
		75E0E9491E784AF400BBDD32 /* AllDoctorBySpecilityTableViewController.m */ = {isa = PBXFileReference; fileEncoding = 4; lastKnownFileType = sourcecode.c.objc; path = AllDoctorBySpecilityTableViewController.m; sourceTree = "<group>"; };
		75F7245F1E7C5498009E39DE /* SingleDrugInteractionSearchViewController.h */ = {isa = PBXFileReference; fileEncoding = 4; lastKnownFileType = sourcecode.c.h; path = SingleDrugInteractionSearchViewController.h; sourceTree = "<group>"; };
		75F724601E7C5498009E39DE /* SingleDrugInteractionSearchViewController.m */ = {isa = PBXFileReference; fileEncoding = 4; lastKnownFileType = sourcecode.c.objc; path = SingleDrugInteractionSearchViewController.m; sourceTree = "<group>"; };
		75F724621E7C54C6009E39DE /* SingleDrugInteractionInfoTableViewController.h */ = {isa = PBXFileReference; fileEncoding = 4; lastKnownFileType = sourcecode.c.h; path = SingleDrugInteractionInfoTableViewController.h; sourceTree = "<group>"; };
		75F724631E7C54C6009E39DE /* SingleDrugInteractionInfoTableViewController.m */ = {isa = PBXFileReference; fileEncoding = 4; lastKnownFileType = sourcecode.c.objc; path = SingleDrugInteractionInfoTableViewController.m; sourceTree = "<group>"; };
		75F724651E7C55A2009E39DE /* DrugInteractionMainViewController.h */ = {isa = PBXFileReference; fileEncoding = 4; lastKnownFileType = sourcecode.c.h; path = DrugInteractionMainViewController.h; sourceTree = "<group>"; };
		75F724661E7C55A2009E39DE /* DrugInteractionMainViewController.m */ = {isa = PBXFileReference; fileEncoding = 4; lastKnownFileType = sourcecode.c.objc; path = DrugInteractionMainViewController.m; sourceTree = "<group>"; };
		F4090B8E1A0F67D000651F6F /* DrugFinder.app */ = {isa = PBXFileReference; explicitFileType = wrapper.application; includeInIndex = 0; path = DrugFinder.app; sourceTree = BUILT_PRODUCTS_DIR; };
		F4090B921A0F67D000651F6F /* Info.plist */ = {isa = PBXFileReference; lastKnownFileType = text.plist.xml; path = Info.plist; sourceTree = "<group>"; };
		F4090B931A0F67D000651F6F /* main.m */ = {isa = PBXFileReference; lastKnownFileType = sourcecode.c.objc; path = main.m; sourceTree = "<group>"; };
		F4090B951A0F67D000651F6F /* AppDelegate.h */ = {isa = PBXFileReference; lastKnownFileType = sourcecode.c.h; path = AppDelegate.h; sourceTree = "<group>"; };
		F4090B961A0F67D000651F6F /* AppDelegate.m */ = {isa = PBXFileReference; lastKnownFileType = sourcecode.c.objc; path = AppDelegate.m; sourceTree = "<group>"; };
		F4090B981A0F67D000651F6F /* ViewController.h */ = {isa = PBXFileReference; lastKnownFileType = sourcecode.c.h; path = ViewController.h; sourceTree = "<group>"; };
		F4090B991A0F67D000651F6F /* ViewController.m */ = {isa = PBXFileReference; lastKnownFileType = sourcecode.c.objc; path = ViewController.m; sourceTree = "<group>"; };
		F4090B9C1A0F67D000651F6F /* Base */ = {isa = PBXFileReference; lastKnownFileType = file.storyboard; name = Base; path = Base.lproj/Main.storyboard; sourceTree = "<group>"; };
		F4090B9E1A0F67D000651F6F /* Images.xcassets */ = {isa = PBXFileReference; lastKnownFileType = folder.assetcatalog; path = Images.xcassets; sourceTree = "<group>"; };
		F4090BA11A0F67D000651F6F /* Base */ = {isa = PBXFileReference; lastKnownFileType = file.xib; name = Base; path = Base.lproj/LaunchScreen.xib; sourceTree = "<group>"; };
		F4090BA71A0F67D000651F6F /* DrugFinderTests.xctest */ = {isa = PBXFileReference; explicitFileType = wrapper.cfbundle; includeInIndex = 0; path = DrugFinderTests.xctest; sourceTree = BUILT_PRODUCTS_DIR; };
		F4090BAC1A0F67D000651F6F /* Info.plist */ = {isa = PBXFileReference; lastKnownFileType = text.plist.xml; path = Info.plist; sourceTree = "<group>"; };
		F4090BAD1A0F67D000651F6F /* SidebarDemoTests.m */ = {isa = PBXFileReference; lastKnownFileType = sourcecode.c.objc; path = SidebarDemoTests.m; sourceTree = "<group>"; };
		F4090BBB1A0FD53800651F6F /* MapViewController.h */ = {isa = PBXFileReference; fileEncoding = 4; lastKnownFileType = sourcecode.c.h; path = MapViewController.h; sourceTree = "<group>"; };
		F4090BBC1A0FD53800651F6F /* MapViewController.m */ = {isa = PBXFileReference; fileEncoding = 4; lastKnownFileType = sourcecode.c.objc; path = MapViewController.m; sourceTree = "<group>"; };
		F4090BBE1A0FD5BC00651F6F /* PhotoViewController.h */ = {isa = PBXFileReference; fileEncoding = 4; lastKnownFileType = sourcecode.c.h; path = PhotoViewController.h; sourceTree = "<group>"; };
		F4090BBF1A0FD5BC00651F6F /* PhotoViewController.m */ = {isa = PBXFileReference; fileEncoding = 4; lastKnownFileType = sourcecode.c.objc; path = PhotoViewController.m; sourceTree = "<group>"; };
		F4090BC11A0FD62A00651F6F /* MainViewController.h */ = {isa = PBXFileReference; fileEncoding = 4; lastKnownFileType = sourcecode.c.h; path = MainViewController.h; sourceTree = "<group>"; };
		F4090BC21A0FD62A00651F6F /* MainViewController.m */ = {isa = PBXFileReference; fileEncoding = 4; lastKnownFileType = sourcecode.c.objc; path = MainViewController.m; sourceTree = "<group>"; };
		F4090BC41A0FD6F800651F6F /* SidebarTableViewController.h */ = {isa = PBXFileReference; fileEncoding = 4; lastKnownFileType = sourcecode.c.h; path = SidebarTableViewController.h; sourceTree = "<group>"; };
		F4090BC51A0FD6F800651F6F /* SidebarTableViewController.m */ = {isa = PBXFileReference; fileEncoding = 4; lastKnownFileType = sourcecode.c.objc; path = SidebarTableViewController.m; sourceTree = "<group>"; };
		F4090BC81A0FD76C00651F6F /* SWRevealViewController.h */ = {isa = PBXFileReference; fileEncoding = 4; lastKnownFileType = sourcecode.c.h; path = SWRevealViewController.h; sourceTree = "<group>"; };
		F4090BC91A0FD76C00651F6F /* SWRevealViewController.m */ = {isa = PBXFileReference; fileEncoding = 4; lastKnownFileType = sourcecode.c.objc; path = SWRevealViewController.m; sourceTree = "<group>"; };
		F4090BCB1A10563200651F6F /* MapKit.framework */ = {isa = PBXFileReference; lastKnownFileType = wrapper.framework; name = MapKit.framework; path = System/Library/Frameworks/MapKit.framework; sourceTree = SDKROOT; };
/* End PBXFileReference section */

/* Begin PBXFrameworksBuildPhase section */
		F4090B8B1A0F67D000651F6F /* Frameworks */ = {
			isa = PBXFrameworksBuildPhase;
			buildActionMask = 2147483647;
			files = (
				75383A081E8836CE008FD068 /* AVKit.framework in Frameworks */,
				75383A061E8836C9008FD068 /* AVFoundation.framework in Frameworks */,
				75679C531E76D01E003B8AFA /* libsqlite3.tbd in Frameworks */,
				F4090BCC1A10563200651F6F /* MapKit.framework in Frameworks */,
			);
			runOnlyForDeploymentPostprocessing = 0;
		};
		F4090BA41A0F67D000651F6F /* Frameworks */ = {
			isa = PBXFrameworksBuildPhase;
			buildActionMask = 2147483647;
			files = (
			);
			runOnlyForDeploymentPostprocessing = 0;
		};
/* End PBXFrameworksBuildPhase section */

/* Begin PBXGroup section */
		75679C511E76D01E003B8AFA /* Frameworks */ = {
			isa = PBXGroup;
			children = (
				75383A071E8836CE008FD068 /* AVKit.framework */,
				75383A051E8836C9008FD068 /* AVFoundation.framework */,
				75679C521E76D01E003B8AFA /* libsqlite3.tbd */,
			);
			name = Frameworks;
			sourceTree = "<group>";
		};
		F4090B851A0F67D000651F6F = {
			isa = PBXGroup;
			children = (
				75DD25011E817D0400136CFA /* healthtopics.db */,
				7532850F1E7BF081001788BB /* interaction.db */,
				75679C4E1E76CFDD003B8AFA /* DBManager.h */,
				75679C4F1E76CFDD003B8AFA /* DBManager.m */,
				75679C481E76CF74003B8AFA /* doctordbsupport.db */,
				75679C491E76CF74003B8AFA /* doctorlist.db */,
				F4090BCB1A10563200651F6F /* MapKit.framework */,
				F4090B901A0F67D000651F6F /* SidebarDemo */,
				F4090BAA1A0F67D000651F6F /* SidebarDemoTests */,
				F4090B8F1A0F67D000651F6F /* Products */,
				75679C511E76D01E003B8AFA /* Frameworks */,
			);
			sourceTree = "<group>";
		};
		F4090B8F1A0F67D000651F6F /* Products */ = {
			isa = PBXGroup;
			children = (
				F4090B8E1A0F67D000651F6F /* DrugFinder.app */,
				F4090BA71A0F67D000651F6F /* DrugFinderTests.xctest */,
			);
			name = Products;
			sourceTree = "<group>";
		};
		F4090B901A0F67D000651F6F /* SidebarDemo */ = {
			isa = PBXGroup;
			children = (
				F4090BC71A0FD74700651F6F /* SWRevealViewController */,
				F4090B951A0F67D000651F6F /* AppDelegate.h */,
				F4090B961A0F67D000651F6F /* AppDelegate.m */,
				F4090B981A0F67D000651F6F /* ViewController.h */,
				F4090B991A0F67D000651F6F /* ViewController.m */,
				F4090B9B1A0F67D000651F6F /* Main.storyboard */,
				F4090B9E1A0F67D000651F6F /* Images.xcassets */,
				F4090BA01A0F67D000651F6F /* LaunchScreen.xib */,
				F4090B911A0F67D000651F6F /* Supporting Files */,
				F4090BBB1A0FD53800651F6F /* MapViewController.h */,
				F4090BBC1A0FD53800651F6F /* MapViewController.m */,
				F4090BBE1A0FD5BC00651F6F /* PhotoViewController.h */,
				F4090BBF1A0FD5BC00651F6F /* PhotoViewController.m */,
				F4090BC11A0FD62A00651F6F /* MainViewController.h */,
				F4090BC21A0FD62A00651F6F /* MainViewController.m */,
				F4090BC41A0FD6F800651F6F /* SidebarTableViewController.h */,
				F4090BC51A0FD6F800651F6F /* SidebarTableViewController.m */,
				758561691E756B23002B7729 /* DrugInfoViewController.h */,
				7585616A1E756B23002B7729 /* DrugInfoViewController.m */,
				7585616C1E7582BC002B7729 /* DrugInfoDetailsViewController.h */,
				7585616D1E7582BC002B7729 /* DrugInfoDetailsViewController.m */,
				75679C451E76B341003B8AFA /* DrugInfoallinfoViewController.h */,
				75679C461E76B341003B8AFA /* DrugInfoallinfoViewController.m */,
				75679C541E76D6C5003B8AFA /* SearchByNameViewController.h */,
				75679C551E76D6C5003B8AFA /* SearchByNameViewController.m */,
				75679C571E76D70B003B8AFA /* SearchByNameTableViewController.h */,
				75679C581E76D70B003B8AFA /* SearchByNameTableViewController.m */,
				75E0E9301E7826E100BBDD32 /* DoctorFullinfoViewController.h */,
				75E0E9311E7826E100BBDD32 /* DoctorFullinfoViewController.m */,
				75E0E9331E78373100BBDD32 /* CountryTableViewController.h */,
				75E0E9341E78373100BBDD32 /* CountryTableViewController.m */,
				75E0E9361E78374600BBDD32 /* StateTableViewController.h */,
				75E0E9371E78374600BBDD32 /* StateTableViewController.m */,
				75E0E9391E78375300BBDD32 /* CityTableViewController.h */,
				75E0E93A1E78375300BBDD32 /* CityTableViewController.m */,
				75E0E93C1E78378F00BBDD32 /* DoctorbyAddressTableViewController.h */,
				75E0E93D1E78378F00BBDD32 /* DoctorbyAddressTableViewController.m */,
				75E0E93F1E7837A500BBDD32 /* ZipcodeTableViewController.h */,
				75E0E9401E7837A500BBDD32 /* ZipcodeTableViewController.m */,
				75E0E9421E784AB200BBDD32 /* DoctorByTypeTableViewController.h */,
				75E0E9431E784AB200BBDD32 /* DoctorByTypeTableViewController.m */,
				75E0E9451E784AD200BBDD32 /* DoctorBySpecilityTableViewController.h */,
				75E0E9461E784AD200BBDD32 /* DoctorBySpecilityTableViewController.m */,
				75E0E9481E784AF400BBDD32 /* AllDoctorBySpecilityTableViewController.h */,
				75E0E9491E784AF400BBDD32 /* AllDoctorBySpecilityTableViewController.m */,
				7505E8FF1E79628B0099D2CE /* MultipleDrugInteractionViewController.h */,
				7505E9001E79628B0099D2CE /* MultipleDrugInteractionViewController.m */,
				7505E9021E7962B00099D2CE /* MultipleDrugAddViewController.h */,
				7505E9031E7962B00099D2CE /* MultipleDrugAddViewController.m */,
				7505E9051E7962F40099D2CE /* CheckForIneractionTableViewController.h */,
				7505E9061E7962F40099D2CE /* CheckForIneractionTableViewController.m */,
				75F7245F1E7C5498009E39DE /* SingleDrugInteractionSearchViewController.h */,
				75F724601E7C5498009E39DE /* SingleDrugInteractionSearchViewController.m */,
				75F724621E7C54C6009E39DE /* SingleDrugInteractionInfoTableViewController.h */,
				75F724631E7C54C6009E39DE /* SingleDrugInteractionInfoTableViewController.m */,
				75F724651E7C55A2009E39DE /* DrugInteractionMainViewController.h */,
				75F724661E7C55A2009E39DE /* DrugInteractionMainViewController.m */,
				7584CC781E80FD1F009B029F /* HealthTopicsSearchViewController.h */,
				7584CC791E80FD1F009B029F /* HealthTopicsSearchViewController.m */,
				7584CC7E1E80FD77009B029F /* HealthTopicDescViewController.h */,
				7584CC7F1E80FD77009B029F /* HealthTopicDescViewController.m */,
				75DD25031E8191BD00136CFA /* HealthTopicsAllTableViewController.h */,
				75DD25041E8191BD00136CFA /* HealthTopicsAllTableViewController.m */,
				753839FF1E87F063008FD068 /* MedDicSearchViewController.h */,
				75383A001E87F063008FD068 /* MedDicSearchViewController.m */,
				75383A021E882C7B008FD068 /* MedDicSubTableViewController.h */,
				75383A031E882C7B008FD068 /* MedDicSubTableViewController.m */,
			);
			path = SidebarDemo;
			sourceTree = "<group>";
		};
		F4090B911A0F67D000651F6F /* Supporting Files */ = {
			isa = PBXGroup;
			children = (
				F4090B921A0F67D000651F6F /* Info.plist */,
				F4090B931A0F67D000651F6F /* main.m */,
			);
			name = "Supporting Files";
			sourceTree = "<group>";
		};
		F4090BAA1A0F67D000651F6F /* SidebarDemoTests */ = {
			isa = PBXGroup;
			children = (
				F4090BAD1A0F67D000651F6F /* SidebarDemoTests.m */,
				F4090BAB1A0F67D000651F6F /* Supporting Files */,
			);
			path = SidebarDemoTests;
			sourceTree = "<group>";
		};
		F4090BAB1A0F67D000651F6F /* Supporting Files */ = {
			isa = PBXGroup;
			children = (
				F4090BAC1A0F67D000651F6F /* Info.plist */,
			);
			name = "Supporting Files";
			sourceTree = "<group>";
		};
		F4090BC71A0FD74700651F6F /* SWRevealViewController */ = {
			isa = PBXGroup;
			children = (
				F4090BC81A0FD76C00651F6F /* SWRevealViewController.h */,
				F4090BC91A0FD76C00651F6F /* SWRevealViewController.m */,
			);
			name = SWRevealViewController;
			sourceTree = "<group>";
		};
/* End PBXGroup section */

/* Begin PBXNativeTarget section */
		F4090B8D1A0F67D000651F6F /* DrugFinder */ = {
			isa = PBXNativeTarget;
			buildConfigurationList = F4090BB11A0F67D000651F6F /* Build configuration list for PBXNativeTarget "DrugFinder" */;
			buildPhases = (
				F4090B8A1A0F67D000651F6F /* Sources */,
				F4090B8B1A0F67D000651F6F /* Frameworks */,
				F4090B8C1A0F67D000651F6F /* Resources */,
			);
			buildRules = (
			);
			dependencies = (
			);
			name = DrugFinder;
			productName = SidebarDemo;
			productReference = F4090B8E1A0F67D000651F6F /* DrugFinder.app */;
			productType = "com.apple.product-type.application";
		};
		F4090BA61A0F67D000651F6F /* DrugFinderTests */ = {
			isa = PBXNativeTarget;
			buildConfigurationList = F4090BB41A0F67D000651F6F /* Build configuration list for PBXNativeTarget "DrugFinderTests" */;
			buildPhases = (
				F4090BA31A0F67D000651F6F /* Sources */,
				F4090BA41A0F67D000651F6F /* Frameworks */,
				F4090BA51A0F67D000651F6F /* Resources */,
			);
			buildRules = (
			);
			dependencies = (
				F4090BA91A0F67D000651F6F /* PBXTargetDependency */,
			);
			name = DrugFinderTests;
			productName = SidebarDemoTests;
			productReference = F4090BA71A0F67D000651F6F /* DrugFinderTests.xctest */;
			productType = "com.apple.product-type.bundle.unit-test";
		};
/* End PBXNativeTarget section */

/* Begin PBXProject section */
		F4090B861A0F67D000651F6F /* Project object */ = {
			isa = PBXProject;
			attributes = {
				LastUpgradeCheck = 0810;
				ORGANIZATIONNAME = AppCoda;
				TargetAttributes = {
					F4090B8D1A0F67D000651F6F = {
						CreatedOnToolsVersion = 6.1;
						SystemCapabilities = {
							com.apple.Maps.iOS = {
								enabled = 1;
							};
						};
					};
					F4090BA61A0F67D000651F6F = {
						CreatedOnToolsVersion = 6.1;
						TestTargetID = F4090B8D1A0F67D000651F6F;
					};
				};
			};
			buildConfigurationList = F4090B891A0F67D000651F6F /* Build configuration list for PBXProject "DrugFinder" */;
			compatibilityVersion = "Xcode 3.2";
			developmentRegion = English;
			hasScannedForEncodings = 0;
			knownRegions = (
				en,
				Base,
			);
			mainGroup = F4090B851A0F67D000651F6F;
			productRefGroup = F4090B8F1A0F67D000651F6F /* Products */;
			projectDirPath = "";
			projectRoot = "";
			targets = (
				F4090B8D1A0F67D000651F6F /* DrugFinder */,
				F4090BA61A0F67D000651F6F /* DrugFinderTests */,
			);
		};
/* End PBXProject section */

/* Begin PBXResourcesBuildPhase section */
		F4090B8C1A0F67D000651F6F /* Resources */ = {
			isa = PBXResourcesBuildPhase;
			buildActionMask = 2147483647;
			files = (
				75679C4B1E76CF74003B8AFA /* doctorlist.db in Resources */,
				75679C4A1E76CF74003B8AFA /* doctordbsupport.db in Resources */,
				753285101E7BF081001788BB /* interaction.db in Resources */,
				75DD25021E817D0400136CFA /* healthtopics.db in Resources */,
				F4090B9D1A0F67D000651F6F /* Main.storyboard in Resources */,
				F4090BA21A0F67D000651F6F /* LaunchScreen.xib in Resources */,
				F4090B9F1A0F67D000651F6F /* Images.xcassets in Resources */,
			);
			runOnlyForDeploymentPostprocessing = 0;
		};
		F4090BA51A0F67D000651F6F /* Resources */ = {
			isa = PBXResourcesBuildPhase;
			buildActionMask = 2147483647;
			files = (
			);
			runOnlyForDeploymentPostprocessing = 0;
		};
/* End PBXResourcesBuildPhase section */

/* Begin PBXSourcesBuildPhase section */
		F4090B8A1A0F67D000651F6F /* Sources */ = {
			isa = PBXSourcesBuildPhase;
			buildActionMask = 2147483647;
			files = (
				75E0E9411E7837A500BBDD32 /* ZipcodeTableViewController.m in Sources */,
				F4090B9A1A0F67D000651F6F /* ViewController.m in Sources */,
				7505E9041E7962B00099D2CE /* MultipleDrugAddViewController.m in Sources */,
				7585616E1E7582BC002B7729 /* DrugInfoDetailsViewController.m in Sources */,
				75E0E93E1E78378F00BBDD32 /* DoctorbyAddressTableViewController.m in Sources */,
				75E0E9351E78373100BBDD32 /* CountryTableViewController.m in Sources */,
				75E0E9441E784AB200BBDD32 /* DoctorByTypeTableViewController.m in Sources */,
				75E0E9381E78374600BBDD32 /* StateTableViewController.m in Sources */,
				75679C561E76D6C5003B8AFA /* SearchByNameViewController.m in Sources */,
				75383A011E87F063008FD068 /* MedDicSearchViewController.m in Sources */,
				75E0E94A1E784AF400BBDD32 /* AllDoctorBySpecilityTableViewController.m in Sources */,
				75F724611E7C5498009E39DE /* SingleDrugInteractionSearchViewController.m in Sources */,
				75383A041E882C7C008FD068 /* MedDicSubTableViewController.m in Sources */,
				75679C591E76D70B003B8AFA /* SearchByNameTableViewController.m in Sources */,
				7584CC801E80FD77009B029F /* HealthTopicDescViewController.m in Sources */,
				F4090BC31A0FD62A00651F6F /* MainViewController.m in Sources */,
				75679C501E76CFDD003B8AFA /* DBManager.m in Sources */,
				F4090B971A0F67D000651F6F /* AppDelegate.m in Sources */,
				75679C471E76B341003B8AFA /* DrugInfoallinfoViewController.m in Sources */,
				7584CC7A1E80FD1F009B029F /* HealthTopicsSearchViewController.m in Sources */,
				F4090BCA1A0FD76C00651F6F /* SWRevealViewController.m in Sources */,
				7505E9011E79628B0099D2CE /* MultipleDrugInteractionViewController.m in Sources */,
				F4090B941A0F67D000651F6F /* main.m in Sources */,
				7505E9071E7962F40099D2CE /* CheckForIneractionTableViewController.m in Sources */,
				75F724671E7C55A2009E39DE /* DrugInteractionMainViewController.m in Sources */,
				75DD25051E8191BD00136CFA /* HealthTopicsAllTableViewController.m in Sources */,
				75E0E93B1E78375300BBDD32 /* CityTableViewController.m in Sources */,
				F4090BBD1A0FD53800651F6F /* MapViewController.m in Sources */,
				75E0E9321E7826E100BBDD32 /* DoctorFullinfoViewController.m in Sources */,
				75E0E9471E784AD200BBDD32 /* DoctorBySpecilityTableViewController.m in Sources */,
				75F724641E7C54C6009E39DE /* SingleDrugInteractionInfoTableViewController.m in Sources */,
				7585616B1E756B23002B7729 /* DrugInfoViewController.m in Sources */,
				F4090BC01A0FD5BC00651F6F /* PhotoViewController.m in Sources */,
				F4090BC61A0FD6F800651F6F /* SidebarTableViewController.m in Sources */,
			);
			runOnlyForDeploymentPostprocessing = 0;
		};
		F4090BA31A0F67D000651F6F /* Sources */ = {
			isa = PBXSourcesBuildPhase;
			buildActionMask = 2147483647;
			files = (
				F4090BAE1A0F67D000651F6F /* SidebarDemoTests.m in Sources */,
			);
			runOnlyForDeploymentPostprocessing = 0;
		};
/* End PBXSourcesBuildPhase section */

/* Begin PBXTargetDependency section */
		F4090BA91A0F67D000651F6F /* PBXTargetDependency */ = {
			isa = PBXTargetDependency;
			target = F4090B8D1A0F67D000651F6F /* DrugFinder */;
			targetProxy = F4090BA81A0F67D000651F6F /* PBXContainerItemProxy */;
		};
/* End PBXTargetDependency section */

/* Begin PBXVariantGroup section */
		F4090B9B1A0F67D000651F6F /* Main.storyboard */ = {
			isa = PBXVariantGroup;
			children = (
				F4090B9C1A0F67D000651F6F /* Base */,
			);
			name = Main.storyboard;
			sourceTree = "<group>";
		};
		F4090BA01A0F67D000651F6F /* LaunchScreen.xib */ = {
			isa = PBXVariantGroup;
			children = (
				F4090BA11A0F67D000651F6F /* Base */,
			);
			name = LaunchScreen.xib;
			sourceTree = "<group>";
		};
/* End PBXVariantGroup section */

/* Begin XCBuildConfiguration section */
		F4090BAF1A0F67D000651F6F /* Debug */ = {
			isa = XCBuildConfiguration;
			buildSettings = {
				ALWAYS_SEARCH_USER_PATHS = NO;
				CLANG_CXX_LANGUAGE_STANDARD = "gnu++0x";
				CLANG_CXX_LIBRARY = "libc++";
				CLANG_ENABLE_MODULES = YES;
				CLANG_ENABLE_OBJC_ARC = YES;
				CLANG_WARN_BOOL_CONVERSION = YES;
				CLANG_WARN_CONSTANT_CONVERSION = YES;
				CLANG_WARN_DIRECT_OBJC_ISA_USAGE = YES_ERROR;
				CLANG_WARN_EMPTY_BODY = YES;
				CLANG_WARN_ENUM_CONVERSION = YES;
				CLANG_WARN_INFINITE_RECURSION = YES;
				CLANG_WARN_INT_CONVERSION = YES;
				CLANG_WARN_OBJC_ROOT_CLASS = YES_ERROR;
				CLANG_WARN_SUSPICIOUS_MOVE = YES;
				CLANG_WARN_UNREACHABLE_CODE = YES;
				CLANG_WARN__DUPLICATE_METHOD_MATCH = YES;
				"CODE_SIGN_IDENTITY[sdk=iphoneos*]" = "iPhone Developer";
				COPY_PHASE_STRIP = NO;
				ENABLE_STRICT_OBJC_MSGSEND = YES;
				ENABLE_TESTABILITY = YES;
				GCC_C_LANGUAGE_STANDARD = gnu99;
				GCC_DYNAMIC_NO_PIC = NO;
				GCC_NO_COMMON_BLOCKS = YES;
				GCC_OPTIMIZATION_LEVEL = 0;
				GCC_PREPROCESSOR_DEFINITIONS = (
					"DEBUG=1",
					"$(inherited)",
				);
				GCC_SYMBOLS_PRIVATE_EXTERN = NO;
				GCC_WARN_64_TO_32_BIT_CONVERSION = YES;
				GCC_WARN_ABOUT_RETURN_TYPE = YES_ERROR;
				GCC_WARN_UNDECLARED_SELECTOR = YES;
				GCC_WARN_UNINITIALIZED_AUTOS = YES_AGGRESSIVE;
				GCC_WARN_UNUSED_FUNCTION = YES;
				GCC_WARN_UNUSED_VARIABLE = YES;
				IPHONEOS_DEPLOYMENT_TARGET = 8.1;
				MTL_ENABLE_DEBUG_INFO = YES;
				ONLY_ACTIVE_ARCH = YES;
				SDKROOT = iphoneos;
			};
			name = Debug;
		};
		F4090BB01A0F67D000651F6F /* Release */ = {
			isa = XCBuildConfiguration;
			buildSettings = {
				ALWAYS_SEARCH_USER_PATHS = NO;
				CLANG_CXX_LANGUAGE_STANDARD = "gnu++0x";
				CLANG_CXX_LIBRARY = "libc++";
				CLANG_ENABLE_MODULES = YES;
				CLANG_ENABLE_OBJC_ARC = YES;
				CLANG_WARN_BOOL_CONVERSION = YES;
				CLANG_WARN_CONSTANT_CONVERSION = YES;
				CLANG_WARN_DIRECT_OBJC_ISA_USAGE = YES_ERROR;
				CLANG_WARN_EMPTY_BODY = YES;
				CLANG_WARN_ENUM_CONVERSION = YES;
				CLANG_WARN_INFINITE_RECURSION = YES;
				CLANG_WARN_INT_CONVERSION = YES;
				CLANG_WARN_OBJC_ROOT_CLASS = YES_ERROR;
				CLANG_WARN_SUSPICIOUS_MOVE = YES;
				CLANG_WARN_UNREACHABLE_CODE = YES;
				CLANG_WARN__DUPLICATE_METHOD_MATCH = YES;
				"CODE_SIGN_IDENTITY[sdk=iphoneos*]" = "iPhone Developer";
				COPY_PHASE_STRIP = YES;
				ENABLE_NS_ASSERTIONS = NO;
				ENABLE_STRICT_OBJC_MSGSEND = YES;
				GCC_C_LANGUAGE_STANDARD = gnu99;
				GCC_NO_COMMON_BLOCKS = YES;
				GCC_WARN_64_TO_32_BIT_CONVERSION = YES;
				GCC_WARN_ABOUT_RETURN_TYPE = YES_ERROR;
				GCC_WARN_UNDECLARED_SELECTOR = YES;
				GCC_WARN_UNINITIALIZED_AUTOS = YES_AGGRESSIVE;
				GCC_WARN_UNUSED_FUNCTION = YES;
				GCC_WARN_UNUSED_VARIABLE = YES;
				IPHONEOS_DEPLOYMENT_TARGET = 8.1;
				MTL_ENABLE_DEBUG_INFO = NO;
				SDKROOT = iphoneos;
				VALIDATE_PRODUCT = YES;
			};
			name = Release;
		};
		F4090BB21A0F67D000651F6F /* Debug */ = {
			isa = XCBuildConfiguration;
			buildSettings = {
				ASSETCATALOG_COMPILER_APPICON_NAME = AppIcon;
				DEVELOPMENT_TEAM = "";
				INFOPLIST_FILE = SidebarDemo/Info.plist;
				LD_RUNPATH_SEARCH_PATHS = "$(inherited) @executable_path/Frameworks";
				PRODUCT_BUNDLE_IDENTIFIER = com.drugfinder;
				PRODUCT_NAME = "$(TARGET_NAME)";
			};
			name = Debug;
		};
		F4090BB31A0F67D000651F6F /* Release */ = {
			isa = XCBuildConfiguration;
			buildSettings = {
				ASSETCATALOG_COMPILER_APPICON_NAME = AppIcon;
				DEVELOPMENT_TEAM = "";
				INFOPLIST_FILE = SidebarDemo/Info.plist;
				LD_RUNPATH_SEARCH_PATHS = "$(inherited) @executable_path/Frameworks";
				PRODUCT_BUNDLE_IDENTIFIER = com.drugfinder;
				PRODUCT_NAME = "$(TARGET_NAME)";
			};
			name = Release;
		};
		F4090BB51A0F67D000651F6F /* Debug */ = {
			isa = XCBuildConfiguration;
			buildSettings = {
				BUNDLE_LOADER = "$(TEST_HOST)";
				FRAMEWORK_SEARCH_PATHS = (
					"$(SDKROOT)/Developer/Library/Frameworks",
					"$(inherited)",
				);
				GCC_PREPROCESSOR_DEFINITIONS = (
					"DEBUG=1",
					"$(inherited)",
				);
				INFOPLIST_FILE = SidebarDemoTests/Info.plist;
				LD_RUNPATH_SEARCH_PATHS = "$(inherited) @executable_path/Frameworks @loader_path/Frameworks";
				PRODUCT_BUNDLE_IDENTIFIER = "com.appcoda.$(PRODUCT_NAME:rfc1034identifier)";
				PRODUCT_NAME = "$(TARGET_NAME)";
				TEST_HOST = "$(BUILT_PRODUCTS_DIR)/DrugFinder.app/DrugFinder";
			};
			name = Debug;
		};
		F4090BB61A0F67D000651F6F /* Release */ = {
			isa = XCBuildConfiguration;
			buildSettings = {
				BUNDLE_LOADER = "$(TEST_HOST)";
				FRAMEWORK_SEARCH_PATHS = (
					"$(SDKROOT)/Developer/Library/Frameworks",
					"$(inherited)",
				);
				INFOPLIST_FILE = SidebarDemoTests/Info.plist;
				LD_RUNPATH_SEARCH_PATHS = "$(inherited) @executable_path/Frameworks @loader_path/Frameworks";
				PRODUCT_BUNDLE_IDENTIFIER = "com.appcoda.$(PRODUCT_NAME:rfc1034identifier)";
				PRODUCT_NAME = "$(TARGET_NAME)";
				TEST_HOST = "$(BUILT_PRODUCTS_DIR)/DrugFinder.app/DrugFinder";
			};
			name = Release;
		};
/* End XCBuildConfiguration section */

/* Begin XCConfigurationList section */
		F4090B891A0F67D000651F6F /* Build configuration list for PBXProject "DrugFinder" */ = {
			isa = XCConfigurationList;
			buildConfigurations = (
				F4090BAF1A0F67D000651F6F /* Debug */,
				F4090BB01A0F67D000651F6F /* Release */,
			);
			defaultConfigurationIsVisible = 0;
			defaultConfigurationName = Release;
		};
		F4090BB11A0F67D000651F6F /* Build configuration list for PBXNativeTarget "DrugFinder" */ = {
			isa = XCConfigurationList;
			buildConfigurations = (
				F4090BB21A0F67D000651F6F /* Debug */,
				F4090BB31A0F67D000651F6F /* Release */,
			);
			defaultConfigurationIsVisible = 0;
			defaultConfigurationName = Release;
		};
		F4090BB41A0F67D000651F6F /* Build configuration list for PBXNativeTarget "DrugFinderTests" */ = {
			isa = XCConfigurationList;
			buildConfigurations = (
				F4090BB51A0F67D000651F6F /* Debug */,
				F4090BB61A0F67D000651F6F /* Release */,
			);
			defaultConfigurationIsVisible = 0;
			defaultConfigurationName = Release;
		};
/* End XCConfigurationList section */
	};
	rootObject = F4090B861A0F67D000651F6F /* Project object */;
}
